
Microsoft Visual Studio Solution File, Format Version 12.00
# Visual Studio Version 17
VisualStudioVersion = 17.0.31903.59
MinimumVisualStudioVersion = 10.0.40219.1
Project("{2150E333-8FDC-42A3-9474-1A3956D46DE8}") = "src", "src", "{33AF128A-1CC3-4C79-9762-6C4226125DC4}"
EndProject
Project("{FAE04EC0-301F-11D3-BF4B-00C04F79EFBC}") = "GymManagement.Api", "src\GymManagement.Api\GymManagement.Api.csproj", "{3B671E1A-A61B-42B8-92A7-35CCADFD6210}"
EndProject
Project("{FAE04EC0-301F-11D3-BF4B-00C04F79EFBC}") = "GymManagement.Application", "src\GymManagement.Application\GymManagement.Application.csproj", "{F95E87FA-E7BA-44F3-AE19-76FA00A5C435}"
EndProject
Project("{FAE04EC0-301F-11D3-BF4B-00C04F79EFBC}") = "GymManagement.Domain", "src\GymManagement.Domain\GymManagement.Domain.csproj", "{5AD31E93-613F-4EAB-8B2C-93D2256D3F66}"
EndProject
Project("{FAE04EC0-301F-11D3-BF4B-00C04F79EFBC}") = "GymManagement.Infrastructure", "src\GymManagement.Infrastructure\GymManagement.Infrastructure.csproj", "{FB6EDA27-4B1C-4104-B40D-3AA8721081BF}"
EndProject
Global
	GlobalSection(SolutionConfigurationPlatforms) = preSolution
		Debug|Any CPU = Debug|Any CPU
		Release|Any CPU = Release|Any CPU
	EndGlobalSection
	GlobalSection(SolutionProperties) = preSolution
		HideSolutionNode = FALSE
	EndGlobalSection
	GlobalSection(ProjectConfigurationPlatforms) = postSolution
		{3B671E1A-A61B-42B8-92A7-35CCADFD6210}.Debug|Any CPU.ActiveCfg = Debug|Any CPU
		{3B671E1A-A61B-42B8-92A7-35CCADFD6210}.Debug|Any CPU.Build.0 = Debug|Any CPU
		{3B671E1A-A61B-42B8-92A7-35CCADFD6210}.Release|Any CPU.ActiveCfg = Release|Any CPU
		{3B671E1A-A61B-42B8-92A7-35CCADFD6210}.Release|Any CPU.Build.0 = Release|Any CPU
		{F95E87FA-E7BA-44F3-AE19-76FA00A5C435}.Debug|Any CPU.ActiveCfg = Debug|Any CPU
		{F95E87FA-E7BA-44F3-AE19-76FA00A5C435}.Debug|Any CPU.Build.0 = Debug|Any CPU
		{F95E87FA-E7BA-44F3-AE19-76FA00A5C435}.Release|Any CPU.ActiveCfg = Release|Any CPU
		{F95E87FA-E7BA-44F3-AE19-76FA00A5C435}.Release|Any CPU.Build.0 = Release|Any CPU
		{5AD31E93-613F-4EAB-8B2C-93D2256D3F66}.Debug|Any CPU.ActiveCfg = Debug|Any CPU
		{5AD31E93-613F-4EAB-8B2C-93D2256D3F66}.Debug|Any CPU.Build.0 = Debug|Any CPU
		{5AD31E93-613F-4EAB-8B2C-93D2256D3F66}.Release|Any CPU.ActiveCfg = Release|Any CPU
		{5AD31E93-613F-4EAB-8B2C-93D2256D3F66}.Release|Any CPU.Build.0 = Release|Any CPU
		{FB6EDA27-4B1C-4104-B40D-3AA8721081BF}.Debug|Any CPU.ActiveCfg = Debug|Any CPU
		{FB6EDA27-4B1C-4104-B40D-3AA8721081BF}.Debug|Any CPU.Build.0 = Debug|Any CPU
		{FB6EDA27-4B1C-4104-B40D-3AA8721081BF}.Release|Any CPU.ActiveCfg = Release|Any CPU
		{FB6EDA27-4B1C-4104-B40D-3AA8721081BF}.Release|Any CPU.Build.0 = Release|Any CPU
	EndGlobalSection
	GlobalSection(NestedProjects) = preSolution
		{3B671E1A-A61B-42B8-92A7-35CCADFD6210} = {33AF128A-1CC3-4C79-9762-6C4226125DC4}
		{F95E87FA-E7BA-44F3-AE19-76FA00A5C435} = {33AF128A-1CC3-4C79-9762-6C4226125DC4}
		{5AD31E93-613F-4EAB-8B2C-93D2256D3F66} = {33AF128A-1CC3-4C79-9762-6C4226125DC4}
		{FB6EDA27-4B1C-4104-B40D-3AA8721081BF} = {33AF128A-1CC3-4C79-9762-6C4226125DC4}
	EndGlobalSection
EndGlobal
